// !$*UTF8*$!
{
	archiveVersion = 1;
	classes = {
	};
	objectVersion = 46;
	objects = {

/* Begin PBXBuildFile section */
		F36096B31A62C552005EFFAE /* main.m in Sources */ = {isa = PBXBuildFile; fileRef = F36096B21A62C552005EFFAE /* main.m */; };
/* End PBXBuildFile section */

/* Begin PBXCopyFilesBuildPhase section */
		F36096AD1A62C552005EFFAE /* CopyFiles */ = {
			isa = PBXCopyFilesBuildPhase;
			buildActionMask = 2147483647;
			dstPath = /usr/share/man/man1/;
			dstSubfolderSpec = 0;
			files = (
			);
			runOnlyForDeploymentPostprocessing = 1;
		};
/* End PBXCopyFilesBuildPhase section */

/* Begin PBXFileReference section */
		F36096AF1A62C552005EFFAE /* ImagePreloadFilesAdder */ = {isa = PBXFileReference; explicitFileType = "compiled.mach-o.executable"; includeInIndex = 0; path = ImagePreloadFilesAdder; sourceTree = BUILT_PRODUCTS_DIR; };
		F36096B21A62C552005EFFAE /* main.m */ = {isa = PBXFileReference; lastKnownFileType = sourcecode.c.objc; path = main.m; sourceTree = "<group>"; };
/* End PBXFileReference section */

/* Begin PBXFrameworksBuildPhase section */
		F36096AC1A62C552005EFFAE /* Frameworks */ = {
			isa = PBXFrameworksBuildPhase;
			buildActionMask = 2147483647;
			files = (
			);
			runOnlyForDeploymentPostprocessing = 0;
		};
/* End PBXFrameworksBuildPhase section */

/* Begin PBXGroup section */
		F36096A61A62C552005EFFAE = {
			isa = PBXGroup;
			children = (
				F36096B11A62C552005EFFAE /* ImagePreloadFilesAdder */,
				F36096B01A62C552005EFFAE /* Products */,
			);
			sourceTree = "<group>";
		};
		F36096B01A62C552005EFFAE /* Products */ = {
			isa = PBXGroup;
			children = (
				F36096AF1A62C552005EFFAE /* ImagePreloadFilesAdder */,
			);
			name = Products;
			sourceTree = "<group>";
		};
		F36096B11A62C552005EFFAE /* ImagePreloadFilesAdder */ = {
			isa = PBXGroup;
			children = (
				F36096B21A62C552005EFFAE /* main.m */,
			);
			path = ImagePreloadFilesAdder;
			sourceTree = "<group>";
		};
/* End PBXGroup section */

/* Begin PBXNativeTarget section */
		F36096AE1A62C552005EFFAE /* ImagePreloadFilesAdder */ = {
			isa = PBXNativeTarget;
			buildConfigurationList = F36096B61A62C552005EFFAE /* Build configuration list for PBXNativeTarget "ImagePreloadFilesAdder" */;
			buildPhases = (
				F36096AB1A62C552005EFFAE /* Sources */,
				F36096AC1A62C552005EFFAE /* Frameworks */,
				F36096AD1A62C552005EFFAE /* CopyFiles */,
			);
			buildRules = (
			);
			dependencies = (
			);
			name = ImagePreloadFilesAdder;
			productName = ImagePreloadFilesAdder;
			productReference = F36096AF1A62C552005EFFAE /* ImagePreloadFilesAdder */;
			productType = "com.apple.product-type.tool";
		};
/* End PBXNativeTarget section */

/* Begin PBXProject section */
		F36096A71A62C552005EFFAE /* Project object */ = {
			isa = PBXProject;
			attributes = {
				LastUpgradeCheck = 0610;
				ORGANIZATIONNAME = "baygun technology Ltd.";
				TargetAttributes = {
					F36096AE1A62C552005EFFAE = {
						CreatedOnToolsVersion = 6.1;
					};
				};
			};
			buildConfigurationList = F36096AA1A62C552005EFFAE /* Build configuration list for PBXProject "ImagePreloadFilesAdder" */;
			compatibilityVersion = "Xcode 3.2";
			developmentRegion = English;
			hasScannedForEncodings = 0;
			knownRegions = (
				en,
			);
			mainGroup = F36096A61A62C552005EFFAE;
			productRefGroup = F36096B01A62C552005EFFAE /* Products */;
			projectDirPath = "";
			projectRoot = "";
			targets = (
				F36096AE1A62C552005EFFAE /* ImagePreloadFilesAdder */,
			);
		};
/* End PBXProject section */

/* Begin PBXSourcesBuildPhase section */
		F36096AB1A62C552005EFFAE /* Sources */ = {
			isa = PBXSourcesBuildPhase;
			buildActionMask = 2147483647;
			files = (
				F36096B31A62C552005EFFAE /* main.m in Sources */,
			);
			runOnlyForDeploymentPostprocessing = 0;
		};
/* End PBXSourcesBuildPhase section */

/* Begin XCBuildConfiguration section */
		F36096B41A62C552005EFFAE /* Debug */ = {
			isa = XCBuildConfiguration;
			buildSettings = {
				ALWAYS_SEARCH_USER_PATHS = NO;
				CLANG_CXX_LANGUAGE_STANDARD = "gnu++0x";
				CLANG_CXX_LIBRARY = "libc++";
				CLANG_ENABLE_MODULES = YES;
				CLANG_ENABLE_OBJC_ARC = YES;
				CLANG_WARN_BOOL_CONVERSION = YES;
				CLANG_WARN_CONSTANT_CONVERSION = YES;
				CLANG_WARN_DIRECT_OBJC_ISA_USAGE = YES_ERROR;
				CLANG_WARN_EMPTY_BODY = YES;
				CLANG_WARN_ENUM_CONVERSION = YES;
				CLANG_WARN_INT_CONVERSION = YES;
				CLANG_WARN_OBJC_ROOT_CLASS = YES_ERROR;
				CLANG_WARN_UNREACHABLE_CODE = YES;
				CLANG_WARN__DUPLICATE_METHOD_MATCH = YES;
				COPY_PHASE_STRIP = NO;
				ENABLE_STRICT_OBJC_MSGSEND = YES;
				GCC_C_LANGUAGE_STANDARD = gnu99;
				GCC_DYNAMIC_NO_PIC = NO;
				GCC_OPTIMIZATION_LEVEL = 0;
				GCC_PREPROCESSOR_DEFINITIONS = (
					"DEBUG=1",
					"$(inherited)",
				);
				GCC_SYMBOLS_PRIVATE_EXTERN = NO;
				GCC_WARN_64_TO_32_BIT_CONVERSION = YES;
				GCC_WARN_ABOUT_RETURN_TYPE = YES_ERROR;
				GCC_WARN_UNDECLARED_SELECTOR = YES;
				GCC_WARN_UNINITIALIZED_AUTOS = YES_AGGRESSIVE;
				GCC_WARN_UNUSED_FUNCTION = YES;
				GCC_WARN_UNUSED_VARIABLE = YES;
				MACOSX_DEPLOYMENT_TARGET = 10.10;
				MTL_ENABLE_DEBUG_INFO = YES;
				ONLY_ACTIVE_ARCH = YES;
				SDKROOT = macosx;
			};
			name = Debug;
		};
		F36096B51A62C552005EFFAE /* Release */ = {
			isa = XCBuildConfiguration;
			buildSettings = {
				ALWAYS_SEARCH_USER_PATHS = NO;
				CLANG_CXX_LANGUAGE_STANDARD = "gnu++0x";
				CLANG_CXX_LIBRARY = "libc++";
				CLANG_ENABLE_MODULES = YES;
				CLANG_ENABLE_OBJC_ARC = YES;
				CLANG_WARN_BOOL_CONVERSION = YES;
				CLANG_WARN_CONSTANT_CONVERSION = YES;
				CLANG_WARN_DIRECT_OBJC_ISA_USAGE = YES_ERROR;
				CLANG_WARN_EMPTY_BODY = YES;
				CLANG_WARN_ENUM_CONVERSION = YES;
				CLANG_WARN_INT_CONVERSION = YES;
				CLANG_WARN_OBJC_ROOT_CLASS = YES_ERROR;
				CLANG_WARN_UNREACHABLE_CODE = YES;
				CLANG_WARN__DUPLICATE_METHOD_MATCH = YES;
				COPY_PHASE_STRIP = YES;
				DEBUG_INFORMATION_FORMAT = "dwarf-with-dsym";
				ENABLE_NS_ASSERTIONS = NO;
				ENABLE_STRICT_OBJC_MSGSEND = YES;
				GCC_C_LANGUAGE_STANDARD = gnu99;
				GCC_WARN_64_TO_32_BIT_CONVERSION = YES;
				GCC_WARN_ABOUT_RETURN_TYPE = YES_ERROR;
				GCC_WARN_UNDECLARED_SELECTOR = YES;
				GCC_WARN_UNINITIALIZED_AUTOS = YES_AGGRESSIVE;
				GCC_WARN_UNUSED_FUNCTION = YES;
				GCC_WARN_UNUSED_VARIABLE = YES;
				MACOSX_DEPLOYMENT_TARGET = 10.10;
				MTL_ENABLE_DEBUG_INFO = NO;
				SDKROOT = macosx;
			};
			name = Release;
		};
		F36096B71A62C552005EFFAE /* Debug */ = {
			isa = XCBuildConfiguration;
			buildSettings = {
				PRODUCT_NAME = "$(TARGET_NAME)";
			};
			name = Debug;
		};
		F36096B81A62C552005EFFAE /* Release */ = {
			isa = XCBuildConfiguration;
			buildSettings = {
				PRODUCT_NAME = "$(TARGET_NAME)";
			};
			name = Release;
		};
/* End XCBuildConfiguration section */

/* Begin XCConfigurationList section */
		F36096AA1A62C552005EFFAE /* Build configuration list for PBXProject "ImagePreloadFilesAdder" */ = {
			isa = XCConfigurationList;
			buildConfigurations = (
				F36096B41A62C552005EFFAE /* Debug */,
				F36096B51A62C552005EFFAE /* Release */,
			);
			defaultConfigurationIsVisible = 0;
			defaultConfigurationName = Release;
		};
		F36096B61A62C552005EFFAE /* Build configuration list for PBXNativeTarget "ImagePreloadFilesAdder" */ = {
			isa = XCConfigurationList;
			buildConfigurations = (
				F36096B71A62C552005EFFAE /* Debug */,
				F36096B81A62C552005EFFAE /* Release */,
			);
			defaultConfigurationIsVisible = 0;
		};
/* End XCConfigurationList section */
	};
	rootObject = F36096A71A62C552005EFFAE /* Project object */;
}
